<?xml version="1.0" encoding="utf-8"?>
<Project ToolsVersion="4.0" xmlns="http://schemas.microsoft.com/developer/msbuild/2003">
  <ItemGroup>
    <Filter Include="Source Files">
      <UniqueIdentifier>{4FC737F1-C7A5-4376-A066-2A32D752A2FF}</UniqueIdentifier>
      <Extensions>cpp;c;cc;cxx;c++;cppm;ixx;def;odl;idl;hpj;bat;asm;asmx</Extensions>
    </Filter>
    <Filter Include="Header Files">
      <UniqueIdentifier>{93995380-89BD-4b04-88EB-625FBE52EBFB}</UniqueIdentifier>
      <Extensions>h;hh;hpp;hxx;h++;hm;inl;inc;ipp;xsd</Extensions>
    </Filter>
    <Filter Include="Resource Files">
      <UniqueIdentifier>{67DA6AB6-F800-4c08-8B7A-83BB121AAD01}</UniqueIdentifier>
      <Extensions>rc;ico;cur;bmp;dlg;rc2;rct;bin;rgs;gif;jpg;jpeg;jpe;resx;tiff;tif;png;wav;mfcribbon-ms</Extensions>
    </Filter>
    <Filter Include="Core">
      <UniqueIdentifier>{bf03e4ab-60f2-4614-8095-7b8b3199a2c6}</UniqueIdentifier>
    </Filter>
    <Filter Include="Player">
      <UniqueIdentifier>{280a686d-4e7a-4edb-b4df-2224d9ad386c}</UniqueIdentifier>
    </Filter>
    <Filter Include="Procedural_Generation">
      <UniqueIdentifier>{24b5be42-eea5-482a-8b4e-392e5bbb7a82}</UniqueIdentifier>
    </Filter>
    <Filter Include="Rendering_Engine">
      <UniqueIdentifier>{8cdfadf2-9f93-496f-a58f-b4c8845cec44}</UniqueIdentifier>
    </Filter>
    <Filter Include="World">
      <UniqueIdentifier>{be7bf887-a52c-4a6b-903d-0fb88a7adae3}</UniqueIdentifier>
    </Filter>
    <Filter Include="Utility">
      <UniqueIdentifier>{58d77c0f-9196-499f-9a7c-68314517d255}</UniqueIdentifier>
    </Filter>
  </ItemGroup>
  <ItemGroup>
    <ClCompile Include="Core\Collisions.cpp">
      <Filter>Core</Filter>
    </ClCompile>
    <ClCompile Include="Core\InitGame.cpp">
      <Filter>Core</Filter>
    </ClCompile>
    <ClCompile Include="Core\main.cpp">
      <Filter>Core</Filter>
    </ClCompile>
    <ClCompile Include="Utility\Utility.cpp">
      <Filter>Utility</Filter>
    </ClCompile>
    <ClCompile Include="World\Blocks.cpp">
      <Filter>World</Filter>
    </ClCompile>
    <ClCompile Include="Rendering_Engine\Rendering_Engine.cpp">
      <Filter>Rendering_Engine</Filter>
    </ClCompile>
    <ClCompile Include="Procedural_Generation\MapGen.cpp">
      <Filter>Procedural_Generation</Filter>
    </ClCompile>
    <ClCompile Include="Procedural_Generation\PerlinNoise.cpp">
      <Filter>Procedural_Generation</Filter>
    </ClCompile>
    <ClCompile Include="Player\Player.cpp">
      <Filter>Player</Filter>
    </ClCompile>
  </ItemGroup>
  <ItemGroup>
    <ClInclude Include="Core\Collisions.hpp">
      <Filter>Core</Filter>
    </ClInclude>
    <ClInclude Include="Core\Config.hpp">
      <Filter>Core</Filter>
    </ClInclude>
    <ClInclude Include="Core\InitGame.hpp">
      <Filter>Core</Filter>
    </ClInclude>
    <ClInclude Include="Utility\Colors.hpp">
      <Filter>Utility</Filter>
    </ClInclude>
    <ClInclude Include="Utility\Utility.hpp">
      <Filter>Utility</Filter>
    </ClInclude>
    <ClInclude Include="World\Blocks.hpp">
      <Filter>World</Filter>
    </ClInclude>
    <ClInclude Include="World\TileName.hpp">
      <Filter>World</Filter>
    </ClInclude>
    <ClInclude Include="Rendering_Engine\Rendering_Engine.hpp">
      <Filter>Rendering_Engine</Filter>
    </ClInclude>
    <ClInclude Include="Procedural_Generation\MapGen.hpp">
      <Filter>Procedural_Generation</Filter>
    </ClInclude>
    <ClInclude Include="Procedural_Generation\PerlinNoise.hpp">
      <Filter>Procedural_Generation</Filter>
    </ClInclude>
    <ClInclude Include="Player\Player.hpp">
      <Filter>Player</Filter>
    </ClInclude>
  </ItemGroup>
  <ItemGroup>
    <None Include="packages.config" />
  </ItemGroup>
</Project>